// !$*UTF8*$!
{
	archiveVersion = 1;
	classes = {
	};
	objectVersion = 48;
	objects = {

/* Begin PBXBuildFile section */
		1564E284A9EA0FB1CE7B3576 /* Pods_podTest.framework in Frameworks */ = {isa = PBXBuildFile; fileRef = DDFA652DBE7246B95FED164F /* Pods_podTest.framework */; };
		188C594520A2B36A00D4EEA7 /* AppDelegate.swift in Sources */ = {isa = PBXBuildFile; fileRef = 188C594420A2B36A00D4EEA7 /* AppDelegate.swift */; };
		188C594720A2B36A00D4EEA7 /* ViewController.swift in Sources */ = {isa = PBXBuildFile; fileRef = 188C594620A2B36A00D4EEA7 /* ViewController.swift */; };
		188C594A20A2B36A00D4EEA7 /* Main.storyboard in Resources */ = {isa = PBXBuildFile; fileRef = 188C594820A2B36A00D4EEA7 /* Main.storyboard */; };
		188C594C20A2B36A00D4EEA7 /* Assets.xcassets in Resources */ = {isa = PBXBuildFile; fileRef = 188C594B20A2B36A00D4EEA7 /* Assets.xcassets */; };
		188C594F20A2B36A00D4EEA7 /* LaunchScreen.storyboard in Resources */ = {isa = PBXBuildFile; fileRef = 188C594D20A2B36A00D4EEA7 /* LaunchScreen.storyboard */; };
/* End PBXBuildFile section */

/* Begin PBXFileReference section */
		188C594120A2B36900D4EEA7 /* podTest.app */ = {isa = PBXFileReference; explicitFileType = wrapper.application; includeInIndex = 0; path = podTest.app; sourceTree = BUILT_PRODUCTS_DIR; };
		188C594420A2B36A00D4EEA7 /* AppDelegate.swift */ = {isa = PBXFileReference; lastKnownFileType = sourcecode.swift; path = AppDelegate.swift; sourceTree = "<group>"; };
		188C594620A2B36A00D4EEA7 /* ViewController.swift */ = {isa = PBXFileReference; lastKnownFileType = sourcecode.swift; path = ViewController.swift; sourceTree = "<group>"; };
		188C594920A2B36A00D4EEA7 /* Base */ = {isa = PBXFileReference; lastKnownFileType = file.storyboard; name = Base; path = Base.lproj/Main.storyboard; sourceTree = "<group>"; };
		188C594B20A2B36A00D4EEA7 /* Assets.xcassets */ = {isa = PBXFileReference; lastKnownFileType = folder.assetcatalog; path = Assets.xcassets; sourceTree = "<group>"; };
		188C594E20A2B36A00D4EEA7 /* Base */ = {isa = PBXFileReference; lastKnownFileType = file.storyboard; name = Base; path = Base.lproj/LaunchScreen.storyboard; sourceTree = "<group>"; };
		188C595020A2B36A00D4EEA7 /* Info.plist */ = {isa = PBXFileReference; lastKnownFileType = text.plist.xml; path = Info.plist; sourceTree = "<group>"; };
		28FF1E01BCD5F30D9045CC1D /* Pods-podTest.release.xcconfig */ = {isa = PBXFileReference; includeInIndex = 1; lastKnownFileType = text.xcconfig; name = "Pods-podTest.release.xcconfig"; path = "Pods/Target Support Files/Pods-podTest/Pods-podTest.release.xcconfig"; sourceTree = "<group>"; };
		42CE498F9EC64456F6024873 /* Pods-podTest.debug.xcconfig */ = {isa = PBXFileReference; includeInIndex = 1; lastKnownFileType = text.xcconfig; name = "Pods-podTest.debug.xcconfig"; path = "Pods/Target Support Files/Pods-podTest/Pods-podTest.debug.xcconfig"; sourceTree = "<group>"; };
		DDFA652DBE7246B95FED164F /* Pods_podTest.framework */ = {isa = PBXFileReference; explicitFileType = wrapper.framework; includeInIndex = 0; path = Pods_podTest.framework; sourceTree = BUILT_PRODUCTS_DIR; };
/* End PBXFileReference section */

/* Begin PBXFrameworksBuildPhase section */
		188C593E20A2B36900D4EEA7 /* Frameworks */ = {
			isa = PBXFrameworksBuildPhase;
			buildActionMask = 2147483647;
			files = (
				1564E284A9EA0FB1CE7B3576 /* Pods_podTest.framework in Frameworks */,
			);
			runOnlyForDeploymentPostprocessing = 0;
		};
/* End PBXFrameworksBuildPhase section */

/* Begin PBXGroup section */
		008BB5AFF8FAC2EF03185E49 /* Pods */ = {
			isa = PBXGroup;
			children = (
				42CE498F9EC64456F6024873 /* Pods-podTest.debug.xcconfig */,
				28FF1E01BCD5F30D9045CC1D /* Pods-podTest.release.xcconfig */,
			);
			name = Pods;
			sourceTree = "<group>";
		};
		188C593820A2B36900D4EEA7 = {
			isa = PBXGroup;
			children = (
				188C594320A2B36900D4EEA7 /* podTest */,
				188C594220A2B36900D4EEA7 /* Products */,
				008BB5AFF8FAC2EF03185E49 /* Pods */,
				E2DE7BE470508978C1F9A991 /* Frameworks */,
			);
			sourceTree = "<group>";
		};
		188C594220A2B36900D4EEA7 /* Products */ = {
			isa = PBXGroup;
			children = (
				188C594120A2B36900D4EEA7 /* podTest.app */,
			);
			name = Products;
			sourceTree = "<group>";
		};
		188C594320A2B36900D4EEA7 /* podTest */ = {
			isa = PBXGroup;
			children = (
				188C594420A2B36A00D4EEA7 /* AppDelegate.swift */,
				188C594620A2B36A00D4EEA7 /* ViewController.swift */,
				188C594820A2B36A00D4EEA7 /* Main.storyboard */,
				188C594B20A2B36A00D4EEA7 /* Assets.xcassets */,
				188C594D20A2B36A00D4EEA7 /* LaunchScreen.storyboard */,
				188C595020A2B36A00D4EEA7 /* Info.plist */,
			);
			path = podTest;
			sourceTree = "<group>";
		};
		E2DE7BE470508978C1F9A991 /* Frameworks */ = {
			isa = PBXGroup;
			children = (
				DDFA652DBE7246B95FED164F /* Pods_podTest.framework */,
			);
			name = Frameworks;
			sourceTree = "<group>";
		};
/* End PBXGroup section */

/* Begin PBXNativeTarget section */
		188C594020A2B36900D4EEA7 /* podTest */ = {
			isa = PBXNativeTarget;
			buildConfigurationList = 188C595320A2B36A00D4EEA7 /* Build configuration list for PBXNativeTarget "podTest" */;
			buildPhases = (
				C4479FD440FC28A33C9A4F28 /* [CP] Check Pods Manifest.lock */,
				188C593D20A2B36900D4EEA7 /* Sources */,
				188C593E20A2B36900D4EEA7 /* Frameworks */,
				188C593F20A2B36900D4EEA7 /* Resources */,
				D509DDB86357A6711567061C /* [CP] Embed Pods Frameworks */,
				31695347A40E7531B95EBA9B /* [CP] Copy Pods Resources */,
			);
			buildRules = (
			);
			dependencies = (
			);
			name = podTest;
			productName = podTest;
			productReference = 188C594120A2B36900D4EEA7 /* podTest.app */;
			productType = "com.apple.product-type.application";
		};
/* End PBXNativeTarget section */

/* Begin PBXProject section */
		188C593920A2B36900D4EEA7 /* Project object */ = {
			isa = PBXProject;
			attributes = {
				LastSwiftUpdateCheck = 0920;
				LastUpgradeCheck = 0920;
				ORGANIZATIONNAME = apple;
				TargetAttributes = {
					188C594020A2B36900D4EEA7 = {
						CreatedOnToolsVersion = 9.2;
						ProvisioningStyle = Automatic;
					};
				};
			};
			buildConfigurationList = 188C593C20A2B36900D4EEA7 /* Build configuration list for PBXProject "podTest" */;
			compatibilityVersion = "Xcode 8.0";
			developmentRegion = en;
			hasScannedForEncodings = 0;
			knownRegions = (
				en,
				Base,
			);
			mainGroup = 188C593820A2B36900D4EEA7;
			productRefGroup = 188C594220A2B36900D4EEA7 /* Products */;
			projectDirPath = "";
			projectRoot = "";
			targets = (
				188C594020A2B36900D4EEA7 /* podTest */,
			);
		};
/* End PBXProject section */

/* Begin PBXResourcesBuildPhase section */
		188C593F20A2B36900D4EEA7 /* Resources */ = {
			isa = PBXResourcesBuildPhase;
			buildActionMask = 2147483647;
			files = (
				188C594F20A2B36A00D4EEA7 /* LaunchScreen.storyboard in Resources */,
				188C594C20A2B36A00D4EEA7 /* Assets.xcassets in Resources */,
				188C594A20A2B36A00D4EEA7 /* Main.storyboard in Resources */,
			);
			runOnlyForDeploymentPostprocessing = 0;
		};
/* End PBXResourcesBuildPhase section */

/* Begin PBXShellScriptBuildPhase section */
		31695347A40E7531B95EBA9B /* [CP] Copy Pods Resources */ = {
			isa = PBXShellScriptBuildPhase;
			buildActionMask = 2147483647;
			files = (
			);
			inputPaths = (
			);
			name = "[CP] Copy Pods Resources";
			outputPaths = (
			);
			runOnlyForDeploymentPostprocessing = 0;
			shellPath = /bin/sh;
			shellScript = "\"${SRCROOT}/Pods/Target Support Files/Pods-podTest/Pods-podTest-resources.sh\"\n";
			showEnvVarsInLog = 0;
		};
		C4479FD440FC28A33C9A4F28 /* [CP] Check Pods Manifest.lock */ = {
			isa = PBXShellScriptBuildPhase;
			buildActionMask = 2147483647;
			files = (
			);
			inputPaths = (
				"${PODS_PODFILE_DIR_PATH}/Podfile.lock",
				"${PODS_ROOT}/Manifest.lock",
			);
			name = "[CP] Check Pods Manifest.lock";
			outputPaths = (
				"$(DERIVED_FILE_DIR)/Pods-podTest-checkManifestLockResult.txt",
			);
			runOnlyForDeploymentPostprocessing = 0;
			shellPath = /bin/sh;
			shellScript = "diff \"${PODS_PODFILE_DIR_PATH}/Podfile.lock\" \"${PODS_ROOT}/Manifest.lock\" > /dev/null\nif [ $? != 0 ] ; then\n    # print error to STDERR\n    echo \"error: The sandbox is not in sync with the Podfile.lock. Run 'pod install' or update your CocoaPods installation.\" >&2\n    exit 1\nfi\n# This output is used by Xcode 'outputs' to avoid re-running this script phase.\necho \"SUCCESS\" > \"${SCRIPT_OUTPUT_FILE_0}\"\n";
			showEnvVarsInLog = 0;
		};
		D509DDB86357A6711567061C /* [CP] Embed Pods Frameworks */ = {
			isa = PBXShellScriptBuildPhase;
			buildActionMask = 2147483647;
			files = (
			);
			inputPaths = (
				"${SRCROOT}/Pods/Target Support Files/Pods-podTest/Pods-podTest-frameworks.sh",
				"${BUILT_PRODUCTS_DIR}/JWTDecode/JWTDecode.framework",
				"${BUILT_PRODUCTS_DIR}/MDFInternationalization/MDFInternationalization.framework",
				"${BUILT_PRODUCTS_DIR}/MDFTextAccessibility/MDFTextAccessibility.framework",
				"${BUILT_PRODUCTS_DIR}/MaterialComponents/MaterialComponents.framework",
				"${BUILT_PRODUCTS_DIR}/MotionAnimator/MotionAnimator.framework",
				"${BUILT_PRODUCTS_DIR}/MotionInterchange/MotionInterchange.framework",
				"${BUILT_PRODUCTS_DIR}/MotionTransitioning/MotionTransitioning.framework",
			);
			name = "[CP] Embed Pods Frameworks";
			outputPaths = (
				"${TARGET_BUILD_DIR}/${FRAMEWORKS_FOLDER_PATH}/JWTDecode.framework",
				"${TARGET_BUILD_DIR}/${FRAMEWORKS_FOLDER_PATH}/MDFInternationalization.framework",
				"${TARGET_BUILD_DIR}/${FRAMEWORKS_FOLDER_PATH}/MDFTextAccessibility.framework",
				"${TARGET_BUILD_DIR}/${FRAMEWORKS_FOLDER_PATH}/MaterialComponents.framework",
				"${TARGET_BUILD_DIR}/${FRAMEWORKS_FOLDER_PATH}/MotionAnimator.framework",
				"${TARGET_BUILD_DIR}/${FRAMEWORKS_FOLDER_PATH}/MotionInterchange.framework",
				"${TARGET_BUILD_DIR}/${FRAMEWORKS_FOLDER_PATH}/MotionTransitioning.framework",
			);
			runOnlyForDeploymentPostprocessing = 0;
			shellPath = /bin/sh;
			shellScript = "\"${SRCROOT}/Pods/Target Support Files/Pods-podTest/Pods-podTest-frameworks.sh\"\n";
			showEnvVarsInLog = 0;
		};
/* End PBXShellScriptBuildPhase section */

/* Begin PBXSourcesBuildPhase section */
		188C593D20A2B36900D4EEA7 /* Sources */ = {
			isa = PBXSourcesBuildPhase;
			buildActionMask = 2147483647;
			files = (
				188C594720A2B36A00D4EEA7 /* ViewController.swift in Sources */,
				188C594520A2B36A00D4EEA7 /* AppDelegate.swift in Sources */,
			);
			runOnlyForDeploymentPostprocessing = 0;
		};
/* End PBXSourcesBuildPhase section */

/* Begin PBXVariantGroup section */
		188C594820A2B36A00D4EEA7 /* Main.storyboard */ = {
			isa = PBXVariantGroup;
			children = (
				188C594920A2B36A00D4EEA7 /* Base */,
			);
			name = Main.storyboard;
			sourceTree = "<group>";
		};
		188C594D20A2B36A00D4EEA7 /* LaunchScreen.storyboard */ = {
			isa = PBXVariantGroup;
			children = (
				188C594E20A2B36A00D4EEA7 /* Base */,
			);
			name = LaunchScreen.storyboard;
			sourceTree = "<group>";
		};
/* End PBXVariantGroup section */

/* Begin XCBuildConfiguration section */
		188C595120A2B36A00D4EEA7 /* Debug */ = {
			isa = XCBuildConfiguration;
			buildSettings = {
				ALWAYS_SEARCH_USER_PATHS = NO;
				CLANG_ANALYZER_NONNULL = YES;
				CLANG_ANALYZER_NUMBER_OBJECT_CONVERSION = YES_AGGRESSIVE;
				CLANG_CXX_LANGUAGE_STANDARD = "gnu++14";
				CLANG_CXX_LIBRARY = "libc++";
				CLANG_ENABLE_MODULES = YES;
				CLANG_ENABLE_OBJC_ARC = YES;
				CLANG_WARN_BLOCK_CAPTURE_AUTORELEASING = YES;
				CLANG_WARN_BOOL_CONVERSION = YES;
				CLANG_WARN_COMMA = YES;
				CLANG_WARN_CONSTANT_CONVERSION = YES;
				CLANG_WARN_DIRECT_OBJC_ISA_USAGE = YES_ERROR;
				CLANG_WARN_DOCUMENTATION_COMMENTS = YES;
				CLANG_WARN_EMPTY_BODY = YES;
				CLANG_WARN_ENUM_CONVERSION = YES;
				CLANG_WARN_INFINITE_RECURSION = YES;
				CLANG_WARN_INT_CONVERSION = YES;
				CLANG_WARN_NON_LITERAL_NULL_CONVERSION = YES;
				CLANG_WARN_OBJC_LITERAL_CONVERSION = YES;
				CLANG_WARN_OBJC_ROOT_CLASS = YES_ERROR;
				CLANG_WARN_RANGE_LOOP_ANALYSIS = YES;
				CLANG_WARN_STRICT_PROTOTYPES = YES;
				CLANG_WARN_SUSPICIOUS_MOVE = YES;
				CLANG_WARN_UNGUARDED_AVAILABILITY = YES_AGGRESSIVE;
				CLANG_WARN_UNREACHABLE_CODE = YES;
				CLANG_WARN__DUPLICATE_METHOD_MATCH = YES;
				CODE_SIGN_IDENTITY = "iPhone Developer";
				COPY_PHASE_STRIP = NO;
				DEBUG_INFORMATION_FORMAT = dwarf;
				ENABLE_STRICT_OBJC_MSGSEND = YES;
				ENABLE_TESTABILITY = YES;
				GCC_C_LANGUAGE_STANDARD = gnu11;
				GCC_DYNAMIC_NO_PIC = NO;
				GCC_NO_COMMON_BLOCKS = YES;
				GCC_OPTIMIZATION_LEVEL = 0;
				GCC_PREPROCESSOR_DEFINITIONS = (
					"DEBUG=1",
					"$(inherited)",
				);
				GCC_WARN_64_TO_32_BIT_CONVERSION = YES;
				GCC_WARN_ABOUT_RETURN_TYPE = YES_ERROR;
				GCC_WARN_UNDECLARED_SELECTOR = YES;
				GCC_WARN_UNINITIALIZED_AUTOS = YES_AGGRESSIVE;
				GCC_WARN_UNUSED_FUNCTION = YES;
				GCC_WARN_UNUSED_VARIABLE = YES;
				IPHONEOS_DEPLOYMENT_TARGET = 11.2;
				MTL_ENABLE_DEBUG_INFO = YES;
				ONLY_ACTIVE_ARCH = YES;
				SDKROOT = iphoneos;
				SWIFT_ACTIVE_COMPILATION_CONDITIONS = DEBUG;
				SWIFT_OPTIMIZATION_LEVEL = "-Onone";
			};
			name = Debug;
		};
		188C595220A2B36A00D4EEA7 /* Release */ = {
			isa = XCBuildConfiguration;
			buildSettings = {
				ALWAYS_SEARCH_USER_PATHS = NO;
				CLANG_ANALYZER_NONNULL = YES;
				CLANG_ANALYZER_NUMBER_OBJECT_CONVERSION = YES_AGGRESSIVE;
				CLANG_CXX_LANGUAGE_STANDARD = "gnu++14";
				CLANG_CXX_LIBRARY = "libc++";
				CLANG_ENABLE_MODULES = YES;
				CLANG_ENABLE_OBJC_ARC = YES;
				CLANG_WARN_BLOCK_CAPTURE_AUTORELEASING = YES;
				CLANG_WARN_BOOL_CONVERSION = YES;
				CLANG_WARN_COMMA = YES;
				CLANG_WARN_CONSTANT_CONVERSION = YES;
				CLANG_WARN_DIRECT_OBJC_ISA_USAGE = YES_ERROR;
				CLANG_WARN_DOCUMENTATION_COMMENTS = YES;
				CLANG_WARN_EMPTY_BODY = YES;
				CLANG_WARN_ENUM_CONVERSION = YES;
				CLANG_WARN_INFINITE_RECURSION = YES;
				CLANG_WARN_INT_CONVERSION = YES;
				CLANG_WARN_NON_LITERAL_NULL_CONVERSION = YES;
				CLANG_WARN_OBJC_LITERAL_CONVERSION = YES;
				CLANG_WARN_OBJC_ROOT_CLASS = YES_ERROR;
				CLANG_WARN_RANGE_LOOP_ANALYSIS = YES;
				CLANG_WARN_STRICT_PROTOTYPES = YES;
				CLANG_WARN_SUSPICIOUS_MOVE = YES;
				CLANG_WARN_UNGUARDED_AVAILABILITY = YES_AGGRESSIVE;
				CLANG_WARN_UNREACHABLE_CODE = YES;
				CLANG_WARN__DUPLICATE_METHOD_MATCH = YES;
				CODE_SIGN_IDENTITY = "iPhone Developer";
				COPY_PHASE_STRIP = NO;
				DEBUG_INFORMATION_FORMAT = "dwarf-with-dsym";
				ENABLE_NS_ASSERTIONS = NO;
				ENABLE_STRICT_OBJC_MSGSEND = YES;
				GCC_C_LANGUAGE_STANDARD = gnu11;
				GCC_NO_COMMON_BLOCKS = YES;
				GCC_WARN_64_TO_32_BIT_CONVERSION = YES;
				GCC_WARN_ABOUT_RETURN_TYPE = YES_ERROR;
				GCC_WARN_UNDECLARED_SELECTOR = YES;
				GCC_WARN_UNINITIALIZED_AUTOS = YES_AGGRESSIVE;
				GCC_WARN_UNUSED_FUNCTION = YES;
				GCC_WARN_UNUSED_VARIABLE = YES;
				IPHONEOS_DEPLOYMENT_TARGET = 11.2;
				MTL_ENABLE_DEBUG_INFO = NO;
				SDKROOT = iphoneos;
				SWIFT_OPTIMIZATION_LEVEL = "-Owholemodule";
				VALIDATE_PRODUCT = YES;
			};
			name = Release;
		};
		188C595420A2B36A00D4EEA7 /* Debug */ = {
			isa = XCBuildConfiguration;
			baseConfigurationReference = 42CE498F9EC64456F6024873 /* Pods-podTest.debug.xcconfig */;
			buildSettings = {
				ASSETCATALOG_COMPILER_APPICON_NAME = AppIcon;
				CODE_SIGN_STYLE = Automatic;
				DEVELOPMENT_TEAM = A79T4B24DZ;
				INFOPLIST_FILE = podTest/Info.plist;
				LD_RUNPATH_SEARCH_PATHS = "$(inherited) @executable_path/Frameworks";
				PRODUCT_BUNDLE_IDENTIFIER = cogzidel.podTest;
				PRODUCT_NAME = "$(TARGET_NAME)";
				SWIFT_VERSION = 4.0;
				TARGETED_DEVICE_FAMILY = "1,2";
			};
			name = Debug;
		};
		188C595520A2B36A00D4EEA7 /* Release */ = {
			isa = XCBuildConfiguration;
			baseConfigurationReference = 28FF1E01BCD5F30D9045CC1D /* Pods-podTest.release.xcconfig */;
			buildSettings = {
				ASSETCATALOG_COMPILER_APPICON_NAME = AppIcon;
				CODE_SIGN_STYLE = Automatic;
				DEVELOPMENT_TEAM = A79T4B24DZ;
				INFOPLIST_FILE = podTest/Info.plist;
				LD_RUNPATH_SEARCH_PATHS = "$(inherited) @executable_path/Frameworks";
				PRODUCT_BUNDLE_IDENTIFIER = cogzidel.podTest;
				PRODUCT_NAME = "$(TARGET_NAME)";
				SWIFT_VERSION = 4.0;
				TARGETED_DEVICE_FAMILY = "1,2";
			};
			name = Release;
		};
/* End XCBuildConfiguration section */

/* Begin XCConfigurationList section */
		188C593C20A2B36900D4EEA7 /* Build configuration list for PBXProject "podTest" */ = {
			isa = XCConfigurationList;
			buildConfigurations = (
				188C595120A2B36A00D4EEA7 /* Debug */,
				188C595220A2B36A00D4EEA7 /* Release */,
			);
			defaultConfigurationIsVisible = 0;
			defaultConfigurationName = Release;
		};
		188C595320A2B36A00D4EEA7 /* Build configuration list for PBXNativeTarget "podTest" */ = {
			isa = XCConfigurationList;
			buildConfigurations = (
				188C595420A2B36A00D4EEA7 /* Debug */,
				188C595520A2B36A00D4EEA7 /* Release */,
			);
			defaultConfigurationIsVisible = 0;
			defaultConfigurationName = Release;
		};
/* End XCConfigurationList section */
	};
	rootObject = 188C593920A2B36900D4EEA7 /* Project object */;
}
